
Microsoft Visual Studio Solution File, Format Version 12.00
# Visual Studio Version 17
VisualStudioVersion = 17.2.32602.215
MinimumVisualStudioVersion = 10.0.40219.1
Project("{FAE04EC0-301F-11D3-BF4B-00C04F79EFBC}") = "bytebank", "bytebank\bytebank.csproj", "{2B6C0F97-0970-4219-962A-B4287F3CAA54}"
EndProject
Global
	GlobalSection(SolutionConfigurationPlatforms) = preSolution
		Debug|Any CPU = Debug|Any CPU
		Release|Any CPU = Release|Any CPU
	EndGlobalSection
	GlobalSection(ProjectConfigurationPlatforms) = postSolution
		{2B6C0F97-0970-4219-962A-B4287F3CAA54}.Debug|Any CPU.ActiveCfg = Debug|Any CPU
		{2B6C0F97-0970-4219-962A-B4287F3CAA54}.Debug|Any CPU.Build.0 = Debug|Any CPU
		{2B6C0F97-0970-4219-962A-B4287F3CAA54}.Release|Any CPU.ActiveCfg = Release|Any CPU
		{2B6C0F97-0970-4219-962A-B4287F3CAA54}.Release|Any CPU.Build.0 = Release|Any CPU
	EndGlobalSection
	GlobalSection(SolutionProperties) = preSolution
		HideSolutionNode = FALSE
	EndGlobalSection
	GlobalSection(ExtensibilityGlobals) = postSolution
		SolutionGuid = {1CD4D3EC-ED4F-4353-807E-6C8175CF36E4}
	EndGlobalSection
EndGlobal
